dependencies:
  idf:
    component_hash: null
    source:
      type: idf
    version: 5.2.0
  protocol_examples_common:
    component_hash: null
    source:
      path: /home/miguel/esp/esp-idf/examples/common_components/protocol_examples_common
      type: local
    version: '*'
manifest_hash: c71803b5f16034bd860ce5d64c304c951613778c7a00ac50e6f8c6ccca0bedc7
target: esp32
version: 1.0.0
